
Microsoft Visual Studio Solution File, Format Version 12.00
# Visual Studio Version 16
VisualStudioVersion = 16.0.31025.194
MinimumVisualStudioVersion = 10.0.40219.1
Project("{8BC9CEB8-8B4A-11D0-8D11-00A0C91BC942}") = "01test", "01test.vcxproj", "{048C2851-0275-435D-82F4-D14AD9FFFDAD}"
EndProject
Project("{8BC9CEB8-8B4A-11D0-8D11-00A0C91BC942}") = "03Chapter", "..\03Chapter\03Chapter.vcxproj", "{5919FC28-A00F-49B3-94B6-A47E1E9C49CE}"
EndProject
Project("{8BC9CEB8-8B4A-11D0-8D11-00A0C91BC942}") = "02Chaapter", "..\02Chaapter\02Chaapter.vcxproj", "{B56ADF9B-F5FB-4B68-839C-22124404B545}"
EndProject
Project("{8BC9CEB8-8B4A-11D0-8D11-00A0C91BC942}") = "04Chapter", "..\04Chapter\04Chapter.vcxproj", "{5B97D949-6B58-4659-A259-A0280EB1A705}"
EndProject
Project("{8BC9CEB8-8B4A-11D0-8D11-00A0C91BC942}") = "05Chapter", "..\05Chapter\05Chapter.vcxproj", "{6272A18B-528E-458E-8A2A-84060795A938}"
EndProject
Project("{8BC9CEB8-8B4A-11D0-8D11-00A0C91BC942}") = "06Chapter", "..\06Chapter\06Chapter.vcxproj", "{8781A3D5-28FE-4192-B549-1E1BEB6AB465}"
EndProject
Global
	GlobalSection(SolutionConfigurationPlatforms) = preSolution
		Debug|x64 = Debug|x64
		Debug|x86 = Debug|x86
		Release|x64 = Release|x64
		Release|x86 = Release|x86
	EndGlobalSection
	GlobalSection(ProjectConfigurationPlatforms) = postSolution
		{048C2851-0275-435D-82F4-D14AD9FFFDAD}.Debug|x64.ActiveCfg = Debug|x64
		{048C2851-0275-435D-82F4-D14AD9FFFDAD}.Debug|x64.Build.0 = Debug|x64
		{048C2851-0275-435D-82F4-D14AD9FFFDAD}.Debug|x86.ActiveCfg = Debug|Win32
		{048C2851-0275-435D-82F4-D14AD9FFFDAD}.Debug|x86.Build.0 = Debug|Win32
		{048C2851-0275-435D-82F4-D14AD9FFFDAD}.Release|x64.ActiveCfg = Release|x64
		{048C2851-0275-435D-82F4-D14AD9FFFDAD}.Release|x64.Build.0 = Release|x64
		{048C2851-0275-435D-82F4-D14AD9FFFDAD}.Release|x86.ActiveCfg = Release|Win32
		{048C2851-0275-435D-82F4-D14AD9FFFDAD}.Release|x86.Build.0 = Release|Win32
		{5919FC28-A00F-49B3-94B6-A47E1E9C49CE}.Debug|x64.ActiveCfg = Debug|x64
		{5919FC28-A00F-49B3-94B6-A47E1E9C49CE}.Debug|x64.Build.0 = Debug|x64
		{5919FC28-A00F-49B3-94B6-A47E1E9C49CE}.Debug|x86.ActiveCfg = Debug|Win32
		{5919FC28-A00F-49B3-94B6-A47E1E9C49CE}.Debug|x86.Build.0 = Debug|Win32
		{5919FC28-A00F-49B3-94B6-A47E1E9C49CE}.Release|x64.ActiveCfg = Release|x64
		{5919FC28-A00F-49B3-94B6-A47E1E9C49CE}.Release|x64.Build.0 = Release|x64
		{5919FC28-A00F-49B3-94B6-A47E1E9C49CE}.Release|x86.ActiveCfg = Release|Win32
		{5919FC28-A00F-49B3-94B6-A47E1E9C49CE}.Release|x86.Build.0 = Release|Win32
		{B56ADF9B-F5FB-4B68-839C-22124404B545}.Debug|x64.ActiveCfg = Debug|x64
		{B56ADF9B-F5FB-4B68-839C-22124404B545}.Debug|x64.Build.0 = Debug|x64
		{B56ADF9B-F5FB-4B68-839C-22124404B545}.Debug|x86.ActiveCfg = Debug|Win32
		{B56ADF9B-F5FB-4B68-839C-22124404B545}.Debug|x86.Build.0 = Debug|Win32
		{B56ADF9B-F5FB-4B68-839C-22124404B545}.Release|x64.ActiveCfg = Release|x64
		{B56ADF9B-F5FB-4B68-839C-22124404B545}.Release|x64.Build.0 = Release|x64
		{B56ADF9B-F5FB-4B68-839C-22124404B545}.Release|x86.ActiveCfg = Release|Win32
		{B56ADF9B-F5FB-4B68-839C-22124404B545}.Release|x86.Build.0 = Release|Win32
		{5B97D949-6B58-4659-A259-A0280EB1A705}.Debug|x64.ActiveCfg = Debug|x64
		{5B97D949-6B58-4659-A259-A0280EB1A705}.Debug|x64.Build.0 = Debug|x64
		{5B97D949-6B58-4659-A259-A0280EB1A705}.Debug|x86.ActiveCfg = Debug|Win32
		{5B97D949-6B58-4659-A259-A0280EB1A705}.Debug|x86.Build.0 = Debug|Win32
		{5B97D949-6B58-4659-A259-A0280EB1A705}.Release|x64.ActiveCfg = Release|x64
		{5B97D949-6B58-4659-A259-A0280EB1A705}.Release|x64.Build.0 = Release|x64
		{5B97D949-6B58-4659-A259-A0280EB1A705}.Release|x86.ActiveCfg = Release|Win32
		{5B97D949-6B58-4659-A259-A0280EB1A705}.Release|x86.Build.0 = Release|Win32
		{6272A18B-528E-458E-8A2A-84060795A938}.Debug|x64.ActiveCfg = Debug|x64
		{6272A18B-528E-458E-8A2A-84060795A938}.Debug|x64.Build.0 = Debug|x64
		{6272A18B-528E-458E-8A2A-84060795A938}.Debug|x86.ActiveCfg = Debug|Win32
		{6272A18B-528E-458E-8A2A-84060795A938}.Debug|x86.Build.0 = Debug|Win32
		{6272A18B-528E-458E-8A2A-84060795A938}.Release|x64.ActiveCfg = Release|x64
		{6272A18B-528E-458E-8A2A-84060795A938}.Release|x64.Build.0 = Release|x64
		{6272A18B-528E-458E-8A2A-84060795A938}.Release|x86.ActiveCfg = Release|Win32
		{6272A18B-528E-458E-8A2A-84060795A938}.Release|x86.Build.0 = Release|Win32
		{8781A3D5-28FE-4192-B549-1E1BEB6AB465}.Debug|x64.ActiveCfg = Debug|x64
		{8781A3D5-28FE-4192-B549-1E1BEB6AB465}.Debug|x64.Build.0 = Debug|x64
		{8781A3D5-28FE-4192-B549-1E1BEB6AB465}.Debug|x86.ActiveCfg = Debug|Win32
		{8781A3D5-28FE-4192-B549-1E1BEB6AB465}.Debug|x86.Build.0 = Debug|Win32
		{8781A3D5-28FE-4192-B549-1E1BEB6AB465}.Release|x64.ActiveCfg = Release|x64
		{8781A3D5-28FE-4192-B549-1E1BEB6AB465}.Release|x64.Build.0 = Release|x64
		{8781A3D5-28FE-4192-B549-1E1BEB6AB465}.Release|x86.ActiveCfg = Release|Win32
		{8781A3D5-28FE-4192-B549-1E1BEB6AB465}.Release|x86.Build.0 = Release|Win32
	EndGlobalSection
	GlobalSection(SolutionProperties) = preSolution
		HideSolutionNode = FALSE
	EndGlobalSection
	GlobalSection(ExtensibilityGlobals) = postSolution
		SolutionGuid = {B0F6B423-1F39-4434-8E3C-1CE31C4F6DAA}
	EndGlobalSection
EndGlobal
